// !$*UTF8*$!
{
	archiveVersion = 1;
	classes = {
	};
	objectVersion = 46;
	objects = {

/* Begin PBXBuildFile section */
		CEF93E991DDA716C00867FBF /* AppDelegate.swift in Sources */ = {isa = PBXBuildFile; fileRef = CEF93E981DDA716C00867FBF /* AppDelegate.swift */; };
		CEF93E9B1DDA716C00867FBF /* EhVC.swift in Sources */ = {isa = PBXBuildFile; fileRef = CEF93E9A1DDA716C00867FBF /* EhVC.swift */; };
		CEF93E9D1DDA716C00867FBF /* BeeVC.swift in Sources */ = {isa = PBXBuildFile; fileRef = CEF93E9C1DDA716C00867FBF /* BeeVC.swift */; };
		CEF93EA01DDA716C00867FBF /* Main.storyboard in Resources */ = {isa = PBXBuildFile; fileRef = CEF93E9E1DDA716C00867FBF /* Main.storyboard */; };
		CEF93EA21DDA716C00867FBF /* Assets.xcassets in Resources */ = {isa = PBXBuildFile; fileRef = CEF93EA11DDA716C00867FBF /* Assets.xcassets */; };
		CEF93EA51DDA716C00867FBF /* LaunchScreen.storyboard in Resources */ = {isa = PBXBuildFile; fileRef = CEF93EA31DDA716C00867FBF /* LaunchScreen.storyboard */; };
		CEF93EAD1DDA751400867FBF /* SeaVC.swift in Sources */ = {isa = PBXBuildFile; fileRef = CEF93EAC1DDA751400867FBF /* SeaVC.swift */; };
/* End PBXBuildFile section */

/* Begin PBXFileReference section */
		CEF93E951DDA716C00867FBF /* Git-ICE-MK.app */ = {isa = PBXFileReference; explicitFileType = wrapper.application; includeInIndex = 0; path = "Git-ICE-MK.app"; sourceTree = BUILT_PRODUCTS_DIR; };
		CEF93E981DDA716C00867FBF /* AppDelegate.swift */ = {isa = PBXFileReference; lastKnownFileType = sourcecode.swift; path = AppDelegate.swift; sourceTree = "<group>"; };
		CEF93E9A1DDA716C00867FBF /* EhVC.swift */ = {isa = PBXFileReference; lastKnownFileType = sourcecode.swift; path = EhVC.swift; sourceTree = "<group>"; };
		CEF93E9C1DDA716C00867FBF /* BeeVC.swift */ = {isa = PBXFileReference; lastKnownFileType = sourcecode.swift; path = BeeVC.swift; sourceTree = "<group>"; };
		CEF93E9F1DDA716C00867FBF /* Base */ = {isa = PBXFileReference; lastKnownFileType = file.storyboard; name = Base; path = Base.lproj/Main.storyboard; sourceTree = "<group>"; };
		CEF93EA11DDA716C00867FBF /* Assets.xcassets */ = {isa = PBXFileReference; lastKnownFileType = folder.assetcatalog; path = Assets.xcassets; sourceTree = "<group>"; };
		CEF93EA41DDA716C00867FBF /* Base */ = {isa = PBXFileReference; lastKnownFileType = file.storyboard; name = Base; path = Base.lproj/LaunchScreen.storyboard; sourceTree = "<group>"; };
		CEF93EA61DDA716C00867FBF /* Info.plist */ = {isa = PBXFileReference; lastKnownFileType = text.plist.xml; path = Info.plist; sourceTree = "<group>"; };
		CEF93EAC1DDA751400867FBF /* SeaVC.swift */ = {isa = PBXFileReference; fileEncoding = 4; lastKnownFileType = sourcecode.swift; path = SeaVC.swift; sourceTree = "<group>"; };
/* End PBXFileReference section */

/* Begin PBXFrameworksBuildPhase section */
		CEF93E921DDA716C00867FBF /* Frameworks */ = {
			isa = PBXFrameworksBuildPhase;
			buildActionMask = 2147483647;
			files = (
			);
			runOnlyForDeploymentPostprocessing = 0;
		};
/* End PBXFrameworksBuildPhase section */

/* Begin PBXGroup section */
		CEF93E8C1DDA716C00867FBF = {
			isa = PBXGroup;
			children = (
				CEF93E971DDA716C00867FBF /* Git-ICE-MK */,
				CEF93E961DDA716C00867FBF /* Products */,
			);
			sourceTree = "<group>";
		};
		CEF93E961DDA716C00867FBF /* Products */ = {
			isa = PBXGroup;
			children = (
				CEF93E951DDA716C00867FBF /* Git-ICE-MK.app */,
			);
			name = Products;
			sourceTree = "<group>";
		};
		CEF93E971DDA716C00867FBF /* Git-ICE-MK */ = {
			isa = PBXGroup;
			children = (
				CEF93E981DDA716C00867FBF /* AppDelegate.swift */,
				CEF93E9A1DDA716C00867FBF /* EhVC.swift */,
				CEF93E9C1DDA716C00867FBF /* BeeVC.swift */,
				CEF93E9E1DDA716C00867FBF /* Main.storyboard */,
				CEF93EAC1DDA751400867FBF /* SeaVC.swift */,
				CEF93EA11DDA716C00867FBF /* Assets.xcassets */,
				CEF93EA31DDA716C00867FBF /* LaunchScreen.storyboard */,
				CEF93EA61DDA716C00867FBF /* Info.plist */,
			);
			path = "Git-ICE-MK";
			sourceTree = "<group>";
		};
/* End PBXGroup section */

/* Begin PBXNativeTarget section */
		CEF93E941DDA716C00867FBF /* Git-ICE-MK */ = {
			isa = PBXNativeTarget;
			buildConfigurationList = CEF93EA91DDA716C00867FBF /* Build configuration list for PBXNativeTarget "Git-ICE-MK" */;
			buildPhases = (
				CEF93E911DDA716C00867FBF /* Sources */,
				CEF93E921DDA716C00867FBF /* Frameworks */,
				CEF93E931DDA716C00867FBF /* Resources */,
			);
			buildRules = (
			);
			dependencies = (
			);
			name = "Git-ICE-MK";
			productName = "Git-ICE-MK";
			productReference = CEF93E951DDA716C00867FBF /* Git-ICE-MK.app */;
			productType = "com.apple.product-type.application";
		};
/* End PBXNativeTarget section */

/* Begin PBXProject section */
		CEF93E8D1DDA716C00867FBF /* Project object */ = {
			isa = PBXProject;
			attributes = {
				LastSwiftUpdateCheck = 0730;
				LastUpgradeCheck = 0730;
				ORGANIZATIONNAME = "Kotte,Manoj Kumar";
				TargetAttributes = {
					CEF93E941DDA716C00867FBF = {
						CreatedOnToolsVersion = 7.3.1;
					};
				};
			};
			buildConfigurationList = CEF93E901DDA716C00867FBF /* Build configuration list for PBXProject "Git-ICE-MK" */;
			compatibilityVersion = "Xcode 3.2";
			developmentRegion = English;
			hasScannedForEncodings = 0;
			knownRegions = (
				en,
				Base,
			);
			mainGroup = CEF93E8C1DDA716C00867FBF;
			productRefGroup = CEF93E961DDA716C00867FBF /* Products */;
			projectDirPath = "";
			projectRoot = "";
			targets = (
				CEF93E941DDA716C00867FBF /* Git-ICE-MK */,
			);
		};
/* End PBXProject section */

/* Begin PBXResourcesBuildPhase section */
		CEF93E931DDA716C00867FBF /* Resources */ = {
			isa = PBXResourcesBuildPhase;
			buildActionMask = 2147483647;
			files = (
				CEF93EA51DDA716C00867FBF /* LaunchScreen.storyboard in Resources */,
				CEF93EA21DDA716C00867FBF /* Assets.xcassets in Resources */,
				CEF93EA01DDA716C00867FBF /* Main.storyboard in Resources */,
			);
			runOnlyForDeploymentPostprocessing = 0;
		};
/* End PBXResourcesBuildPhase section */

/* Begin PBXSourcesBuildPhase section */
		CEF93E911DDA716C00867FBF /* Sources */ = {
			isa = PBXSourcesBuildPhase;
			buildActionMask = 2147483647;
			files = (
				CEF93EAD1DDA751400867FBF /* SeaVC.swift in Sources */,
				CEF93E9D1DDA716C00867FBF /* BeeVC.swift in Sources */,
				CEF93E991DDA716C00867FBF /* AppDelegate.swift in Sources */,
				CEF93E9B1DDA716C00867FBF /* EhVC.swift in Sources */,
			);
			runOnlyForDeploymentPostprocessing = 0;
		};
/* End PBXSourcesBuildPhase section */

/* Begin PBXVariantGroup section */
		CEF93E9E1DDA716C00867FBF /* Main.storyboard */ = {
			isa = PBXVariantGroup;
			children = (
				CEF93E9F1DDA716C00867FBF /* Base */,
			);
			name = Main.storyboard;
			sourceTree = "<group>";
		};
		CEF93EA31DDA716C00867FBF /* LaunchScreen.storyboard */ = {
			isa = PBXVariantGroup;
			children = (
				CEF93EA41DDA716C00867FBF /* Base */,
			);
			name = LaunchScreen.storyboard;
			sourceTree = "<group>";
		};
/* End PBXVariantGroup section */

/* Begin XCBuildConfiguration section */
		CEF93EA71DDA716C00867FBF /* Debug */ = {
			isa = XCBuildConfiguration;
			buildSettings = {
				ALWAYS_SEARCH_USER_PATHS = NO;
				CLANG_ANALYZER_NONNULL = YES;
				CLANG_CXX_LANGUAGE_STANDARD = "gnu++0x";
				CLANG_CXX_LIBRARY = "libc++";
				CLANG_ENABLE_MODULES = YES;
				CLANG_ENABLE_OBJC_ARC = YES;
				CLANG_WARN_BOOL_CONVERSION = YES;
				CLANG_WARN_CONSTANT_CONVERSION = YES;
				CLANG_WARN_DIRECT_OBJC_ISA_USAGE = YES_ERROR;
				CLANG_WARN_EMPTY_BODY = YES;
				CLANG_WARN_ENUM_CONVERSION = YES;
				CLANG_WARN_INT_CONVERSION = YES;
				CLANG_WARN_OBJC_ROOT_CLASS = YES_ERROR;
				CLANG_WARN_UNREACHABLE_CODE = YES;
				CLANG_WARN__DUPLICATE_METHOD_MATCH = YES;
				"CODE_SIGN_IDENTITY[sdk=iphoneos*]" = "iPhone Developer";
				COPY_PHASE_STRIP = NO;
				DEBUG_INFORMATION_FORMAT = dwarf;
				ENABLE_STRICT_OBJC_MSGSEND = YES;
				ENABLE_TESTABILITY = YES;
				GCC_C_LANGUAGE_STANDARD = gnu99;
				GCC_DYNAMIC_NO_PIC = NO;
				GCC_NO_COMMON_BLOCKS = YES;
				GCC_OPTIMIZATION_LEVEL = 0;
				GCC_PREPROCESSOR_DEFINITIONS = (
					"DEBUG=1",
					"$(inherited)",
				);
				GCC_WARN_64_TO_32_BIT_CONVERSION = YES;
				GCC_WARN_ABOUT_RETURN_TYPE = YES_ERROR;
				GCC_WARN_UNDECLARED_SELECTOR = YES;
				GCC_WARN_UNINITIALIZED_AUTOS = YES_AGGRESSIVE;
				GCC_WARN_UNUSED_FUNCTION = YES;
				GCC_WARN_UNUSED_VARIABLE = YES;
				IPHONEOS_DEPLOYMENT_TARGET = 9.3;
				MTL_ENABLE_DEBUG_INFO = YES;
				ONLY_ACTIVE_ARCH = YES;
				SDKROOT = iphoneos;
				SWIFT_OPTIMIZATION_LEVEL = "-Onone";
			};
			name = Debug;
		};
		CEF93EA81DDA716C00867FBF /* Release */ = {
			isa = XCBuildConfiguration;
			buildSettings = {
				ALWAYS_SEARCH_USER_PATHS = NO;
				CLANG_ANALYZER_NONNULL = YES;
				CLANG_CXX_LANGUAGE_STANDARD = "gnu++0x";
				CLANG_CXX_LIBRARY = "libc++";
				CLANG_ENABLE_MODULES = YES;
				CLANG_ENABLE_OBJC_ARC = YES;
				CLANG_WARN_BOOL_CONVERSION = YES;
				CLANG_WARN_CONSTANT_CONVERSION = YES;
				CLANG_WARN_DIRECT_OBJC_ISA_USAGE = YES_ERROR;
				CLANG_WARN_EMPTY_BODY = YES;
				CLANG_WARN_ENUM_CONVERSION = YES;
				CLANG_WARN_INT_CONVERSION = YES;
				CLANG_WARN_OBJC_ROOT_CLASS = YES_ERROR;
				CLANG_WARN_UNREACHABLE_CODE = YES;
				CLANG_WARN__DUPLICATE_METHOD_MATCH = YES;
				"CODE_SIGN_IDENTITY[sdk=iphoneos*]" = "iPhone Developer";
				COPY_PHASE_STRIP = NO;
				DEBUG_INFORMATION_FORMAT = "dwarf-with-dsym";
				ENABLE_NS_ASSERTIONS = NO;
				ENABLE_STRICT_OBJC_MSGSEND = YES;
				GCC_C_LANGUAGE_STANDARD = gnu99;
				GCC_NO_COMMON_BLOCKS = YES;
				GCC_WARN_64_TO_32_BIT_CONVERSION = YES;
				GCC_WARN_ABOUT_RETURN_TYPE = YES_ERROR;
				GCC_WARN_UNDECLARED_SELECTOR = YES;
				GCC_WARN_UNINITIALIZED_AUTOS = YES_AGGRESSIVE;
				GCC_WARN_UNUSED_FUNCTION = YES;
				GCC_WARN_UNUSED_VARIABLE = YES;
				IPHONEOS_DEPLOYMENT_TARGET = 9.3;
				MTL_ENABLE_DEBUG_INFO = NO;
				SDKROOT = iphoneos;
				VALIDATE_PRODUCT = YES;
			};
			name = Release;
		};
		CEF93EAA1DDA716C00867FBF /* Debug */ = {
			isa = XCBuildConfiguration;
			buildSettings = {
				ASSETCATALOG_COMPILER_APPICON_NAME = AppIcon;
				INFOPLIST_FILE = "Git-ICE-MK/Info.plist";
				LD_RUNPATH_SEARCH_PATHS = "$(inherited) @executable_path/Frameworks";
				PRODUCT_BUNDLE_IDENTIFIER = "edu.nwmissouri.Git-ICE-MK";
				PRODUCT_NAME = "$(TARGET_NAME)";
			};
			name = Debug;
		};
		CEF93EAB1DDA716C00867FBF /* Release */ = {
			isa = XCBuildConfiguration;
			buildSettings = {
				ASSETCATALOG_COMPILER_APPICON_NAME = AppIcon;
				INFOPLIST_FILE = "Git-ICE-MK/Info.plist";
				LD_RUNPATH_SEARCH_PATHS = "$(inherited) @executable_path/Frameworks";
				PRODUCT_BUNDLE_IDENTIFIER = "edu.nwmissouri.Git-ICE-MK";
				PRODUCT_NAME = "$(TARGET_NAME)";
			};
			name = Release;
		};
/* End XCBuildConfiguration section */

/* Begin XCConfigurationList section */
		CEF93E901DDA716C00867FBF /* Build configuration list for PBXProject "Git-ICE-MK" */ = {
			isa = XCConfigurationList;
			buildConfigurations = (
				CEF93EA71DDA716C00867FBF /* Debug */,
				CEF93EA81DDA716C00867FBF /* Release */,
			);
			defaultConfigurationIsVisible = 0;
			defaultConfigurationName = Release;
		};
		CEF93EA91DDA716C00867FBF /* Build configuration list for PBXNativeTarget "Git-ICE-MK" */ = {
			isa = XCConfigurationList;
			buildConfigurations = (
				CEF93EAA1DDA716C00867FBF /* Debug */,
				CEF93EAB1DDA716C00867FBF /* Release */,
			);
			defaultConfigurationIsVisible = 0;
		};
/* End XCConfigurationList section */
	};
	rootObject = CEF93E8D1DDA716C00867FBF /* Project object */;
}
